
Microsoft Visual Studio Solution File, Format Version 12.00
# Visual Studio 15
VisualStudioVersion = 15.0.28307.779
MinimumVisualStudioVersion = 10.0.40219.1
Project("{FAE04EC0-301F-11D3-BF4B-00C04F79EFBC}") = "baitap2", "baitap2\baitap2.csproj", "{E505D5ED-12BC-4E38-907C-97B1AAE41142}"
EndProject
Global
	GlobalSection(SolutionConfigurationPlatforms) = preSolution
		Debug|Any CPU = Debug|Any CPU
		Release|Any CPU = Release|Any CPU
	EndGlobalSection
	GlobalSection(ProjectConfigurationPlatforms) = postSolution
		{E505D5ED-12BC-4E38-907C-97B1AAE41142}.Debug|Any CPU.ActiveCfg = Debug|Any CPU
		{E505D5ED-12BC-4E38-907C-97B1AAE41142}.Debug|Any CPU.Build.0 = Debug|Any CPU
		{E505D5ED-12BC-4E38-907C-97B1AAE41142}.Release|Any CPU.ActiveCfg = Release|Any CPU
		{E505D5ED-12BC-4E38-907C-97B1AAE41142}.Release|Any CPU.Build.0 = Release|Any CPU
	EndGlobalSection
	GlobalSection(SolutionProperties) = preSolution
		HideSolutionNode = FALSE
	EndGlobalSection
	GlobalSection(ExtensibilityGlobals) = postSolution
		SolutionGuid = {75613100-102E-4035-A46D-D4DCF612431C}
	EndGlobalSection
EndGlobal
